
Microsoft Visual Studio Solution File, Format Version 12.00
# Visual Studio Version 17
VisualStudioVersion = 17.3.32929.385
MinimumVisualStudioVersion = 10.0.40219.1
Project("{9A19103F-16F7-4668-BE54-9A1E7A4F7556}") = "DeliveryAPI", "DeliveryAPI.csproj", "{C5233B48-D9E7-4877-87F0-F84CF1968E04}"
EndProject
Project("{FAE04EC0-301F-11D3-BF4B-00C04F79EFBC}") = "DeliveryAPI.Tests", "..\DeliveryAPI.Tests\DeliveryAPI.Tests.csproj", "{99FDF02D-36D8-420E-AEB1-B6822BB8D48B}"
EndProject
Global
	GlobalSection(SolutionConfigurationPlatforms) = preSolution
		Debug|Any CPU = Debug|Any CPU
		Release|Any CPU = Release|Any CPU
	EndGlobalSection
	GlobalSection(ProjectConfigurationPlatforms) = postSolution
		{C5233B48-D9E7-4877-87F0-F84CF1968E04}.Debug|Any CPU.ActiveCfg = Debug|Any CPU
		{C5233B48-D9E7-4877-87F0-F84CF1968E04}.Debug|Any CPU.Build.0 = Debug|Any CPU
		{C5233B48-D9E7-4877-87F0-F84CF1968E04}.Release|Any CPU.ActiveCfg = Release|Any CPU
		{C5233B48-D9E7-4877-87F0-F84CF1968E04}.Release|Any CPU.Build.0 = Release|Any CPU
		{99FDF02D-36D8-420E-AEB1-B6822BB8D48B}.Debug|Any CPU.ActiveCfg = Debug|Any CPU
		{99FDF02D-36D8-420E-AEB1-B6822BB8D48B}.Debug|Any CPU.Build.0 = Debug|Any CPU
		{99FDF02D-36D8-420E-AEB1-B6822BB8D48B}.Release|Any CPU.ActiveCfg = Release|Any CPU
		{99FDF02D-36D8-420E-AEB1-B6822BB8D48B}.Release|Any CPU.Build.0 = Release|Any CPU
	EndGlobalSection
	GlobalSection(SolutionProperties) = preSolution
		HideSolutionNode = FALSE
	EndGlobalSection
	GlobalSection(ExtensibilityGlobals) = postSolution
		SolutionGuid = {05058816-91D7-49C5-A998-46B27D3D18EE}
	EndGlobalSection
EndGlobal
